// !$*UTF8*$!
{
	archiveVersion = 1;
	classes = {
	};
	objectVersion = 50;
	objects = {

/* Begin PBXBuildFile section */
		6FFF58627BE55ECF42B30E67 /* Pods_FSCalendarTest.framework in Frameworks */ = {isa = PBXBuildFile; fileRef = D6E42DE711660CAA03FD44D9 /* Pods_FSCalendarTest.framework */; };
		AD404CB326E3052D0060B33E /* AppDelegate.swift in Sources */ = {isa = PBXBuildFile; fileRef = AD404CB226E3052D0060B33E /* AppDelegate.swift */; };
		AD404CB526E3052D0060B33E /* SceneDelegate.swift in Sources */ = {isa = PBXBuildFile; fileRef = AD404CB426E3052D0060B33E /* SceneDelegate.swift */; };
		AD404CB726E3052D0060B33E /* ViewController.swift in Sources */ = {isa = PBXBuildFile; fileRef = AD404CB626E3052D0060B33E /* ViewController.swift */; };
		AD404CBA26E3052D0060B33E /* Main.storyboard in Resources */ = {isa = PBXBuildFile; fileRef = AD404CB826E3052D0060B33E /* Main.storyboard */; };
		AD404CBC26E3052D0060B33E /* Assets.xcassets in Resources */ = {isa = PBXBuildFile; fileRef = AD404CBB26E3052D0060B33E /* Assets.xcassets */; };
		AD404CBF26E3052D0060B33E /* LaunchScreen.storyboard in Resources */ = {isa = PBXBuildFile; fileRef = AD404CBD26E3052D0060B33E /* LaunchScreen.storyboard */; };
/* End PBXBuildFile section */

/* Begin PBXFileReference section */
		4117AC0FD5CDFBC05FFEA9DC /* Pods-FSCalendarTest.release.xcconfig */ = {isa = PBXFileReference; includeInIndex = 1; lastKnownFileType = text.xcconfig; name = "Pods-FSCalendarTest.release.xcconfig"; path = "Target Support Files/Pods-FSCalendarTest/Pods-FSCalendarTest.release.xcconfig"; sourceTree = "<group>"; };
		44B4DD0BE54F97A5A54ADFD7 /* Pods-FSCalendarTest.debug.xcconfig */ = {isa = PBXFileReference; includeInIndex = 1; lastKnownFileType = text.xcconfig; name = "Pods-FSCalendarTest.debug.xcconfig"; path = "Target Support Files/Pods-FSCalendarTest/Pods-FSCalendarTest.debug.xcconfig"; sourceTree = "<group>"; };
		AD404CAF26E3052D0060B33E /* FSCalendarTest.app */ = {isa = PBXFileReference; explicitFileType = wrapper.application; includeInIndex = 0; path = FSCalendarTest.app; sourceTree = BUILT_PRODUCTS_DIR; };
		AD404CB226E3052D0060B33E /* AppDelegate.swift */ = {isa = PBXFileReference; lastKnownFileType = sourcecode.swift; path = AppDelegate.swift; sourceTree = "<group>"; };
		AD404CB426E3052D0060B33E /* SceneDelegate.swift */ = {isa = PBXFileReference; lastKnownFileType = sourcecode.swift; path = SceneDelegate.swift; sourceTree = "<group>"; };
		AD404CB626E3052D0060B33E /* ViewController.swift */ = {isa = PBXFileReference; lastKnownFileType = sourcecode.swift; path = ViewController.swift; sourceTree = "<group>"; };
		AD404CB926E3052D0060B33E /* Base */ = {isa = PBXFileReference; lastKnownFileType = file.storyboard; name = Base; path = Base.lproj/Main.storyboard; sourceTree = "<group>"; };
		AD404CBB26E3052D0060B33E /* Assets.xcassets */ = {isa = PBXFileReference; lastKnownFileType = folder.assetcatalog; path = Assets.xcassets; sourceTree = "<group>"; };
		AD404CBE26E3052D0060B33E /* Base */ = {isa = PBXFileReference; lastKnownFileType = file.storyboard; name = Base; path = Base.lproj/LaunchScreen.storyboard; sourceTree = "<group>"; };
		AD404CC026E3052D0060B33E /* Info.plist */ = {isa = PBXFileReference; lastKnownFileType = text.plist.xml; path = Info.plist; sourceTree = "<group>"; };
		D6E42DE711660CAA03FD44D9 /* Pods_FSCalendarTest.framework */ = {isa = PBXFileReference; explicitFileType = wrapper.framework; includeInIndex = 0; path = Pods_FSCalendarTest.framework; sourceTree = BUILT_PRODUCTS_DIR; };
/* End PBXFileReference section */

/* Begin PBXFrameworksBuildPhase section */
		AD404CAC26E3052D0060B33E /* Frameworks */ = {
			isa = PBXFrameworksBuildPhase;
			buildActionMask = 2147483647;
			files = (
				6FFF58627BE55ECF42B30E67 /* Pods_FSCalendarTest.framework in Frameworks */,
			);
			runOnlyForDeploymentPostprocessing = 0;
		};
/* End PBXFrameworksBuildPhase section */

/* Begin PBXGroup section */
		87F958D692C0FB0244D64063 /* Frameworks */ = {
			isa = PBXGroup;
			children = (
				D6E42DE711660CAA03FD44D9 /* Pods_FSCalendarTest.framework */,
			);
			name = Frameworks;
			sourceTree = "<group>";
		};
		AD404CA626E3052D0060B33E = {
			isa = PBXGroup;
			children = (
				AD404CB126E3052D0060B33E /* FSCalendarTest */,
				AD404CB026E3052D0060B33E /* Products */,
				AE01734D99D43D53792F1C15 /* Pods */,
				87F958D692C0FB0244D64063 /* Frameworks */,
			);
			sourceTree = "<group>";
		};
		AD404CB026E3052D0060B33E /* Products */ = {
			isa = PBXGroup;
			children = (
				AD404CAF26E3052D0060B33E /* FSCalendarTest.app */,
			);
			name = Products;
			sourceTree = "<group>";
		};
		AD404CB126E3052D0060B33E /* FSCalendarTest */ = {
			isa = PBXGroup;
			children = (
				AD404CC826E308240060B33E /* ViewControllers */,
				AD404CC726E3080C0060B33E /* Views */,
				AD404CC626E307F80060B33E /* Resources */,
				AD404CC026E3052D0060B33E /* Info.plist */,
			);
			path = FSCalendarTest;
			sourceTree = "<group>";
		};
		AD404CC626E307F80060B33E /* Resources */ = {
			isa = PBXGroup;
			children = (
				AD404CB226E3052D0060B33E /* AppDelegate.swift */,
				AD404CB426E3052D0060B33E /* SceneDelegate.swift */,
			);
			path = Resources;
			sourceTree = "<group>";
		};
		AD404CC726E3080C0060B33E /* Views */ = {
			isa = PBXGroup;
			children = (
				AD404CB826E3052D0060B33E /* Main.storyboard */,
				AD404CBB26E3052D0060B33E /* Assets.xcassets */,
				AD404CBD26E3052D0060B33E /* LaunchScreen.storyboard */,
			);
			path = Views;
			sourceTree = "<group>";
		};
		AD404CC826E308240060B33E /* ViewControllers */ = {
			isa = PBXGroup;
			children = (
				AD404CB626E3052D0060B33E /* ViewController.swift */,
			);
			path = ViewControllers;
			sourceTree = "<group>";
		};
		AE01734D99D43D53792F1C15 /* Pods */ = {
			isa = PBXGroup;
			children = (
				44B4DD0BE54F97A5A54ADFD7 /* Pods-FSCalendarTest.debug.xcconfig */,
				4117AC0FD5CDFBC05FFEA9DC /* Pods-FSCalendarTest.release.xcconfig */,
			);
			name = Pods;
			path = Pods;
			sourceTree = "<group>";
		};
/* End PBXGroup section */

/* Begin PBXNativeTarget section */
		AD404CAE26E3052D0060B33E /* FSCalendarTest */ = {
			isa = PBXNativeTarget;
			buildConfigurationList = AD404CC326E3052D0060B33E /* Build configuration list for PBXNativeTarget "FSCalendarTest" */;
			buildPhases = (
				BD3DCA266F997EE729369DD6 /* [CP] Check Pods Manifest.lock */,
				AD404CAB26E3052D0060B33E /* Sources */,
				AD404CAC26E3052D0060B33E /* Frameworks */,
				AD404CAD26E3052D0060B33E /* Resources */,
				0B5619E3FF11BEDA40457696 /* [CP] Embed Pods Frameworks */,
			);
			buildRules = (
			);
			dependencies = (
			);
			name = FSCalendarTest;
			productName = FSCalendarTest;
			productReference = AD404CAF26E3052D0060B33E /* FSCalendarTest.app */;
			productType = "com.apple.product-type.application";
		};
/* End PBXNativeTarget section */

/* Begin PBXProject section */
		AD404CA726E3052D0060B33E /* Project object */ = {
			isa = PBXProject;
			attributes = {
				LastSwiftUpdateCheck = 1250;
				LastUpgradeCheck = 1250;
				TargetAttributes = {
					AD404CAE26E3052D0060B33E = {
						CreatedOnToolsVersion = 12.5.1;
					};
				};
			};
			buildConfigurationList = AD404CAA26E3052D0060B33E /* Build configuration list for PBXProject "FSCalendarTest" */;
			compatibilityVersion = "Xcode 9.3";
			developmentRegion = en;
			hasScannedForEncodings = 0;
			knownRegions = (
				en,
				Base,
			);
			mainGroup = AD404CA626E3052D0060B33E;
			productRefGroup = AD404CB026E3052D0060B33E /* Products */;
			projectDirPath = "";
			projectRoot = "";
			targets = (
				AD404CAE26E3052D0060B33E /* FSCalendarTest */,
			);
		};
/* End PBXProject section */

/* Begin PBXResourcesBuildPhase section */
		AD404CAD26E3052D0060B33E /* Resources */ = {
			isa = PBXResourcesBuildPhase;
			buildActionMask = 2147483647;
			files = (
				AD404CBF26E3052D0060B33E /* LaunchScreen.storyboard in Resources */,
				AD404CBC26E3052D0060B33E /* Assets.xcassets in Resources */,
				AD404CBA26E3052D0060B33E /* Main.storyboard in Resources */,
			);
			runOnlyForDeploymentPostprocessing = 0;
		};
/* End PBXResourcesBuildPhase section */

/* Begin PBXShellScriptBuildPhase section */
		0B5619E3FF11BEDA40457696 /* [CP] Embed Pods Frameworks */ = {
			isa = PBXShellScriptBuildPhase;
			buildActionMask = 2147483647;
			files = (
			);
			inputFileListPaths = (
				"${PODS_ROOT}/Target Support Files/Pods-FSCalendarTest/Pods-FSCalendarTest-frameworks-${CONFIGURATION}-input-files.xcfilelist",
			);
			name = "[CP] Embed Pods Frameworks";
			outputFileListPaths = (
				"${PODS_ROOT}/Target Support Files/Pods-FSCalendarTest/Pods-FSCalendarTest-frameworks-${CONFIGURATION}-output-files.xcfilelist",
			);
			runOnlyForDeploymentPostprocessing = 0;
			shellPath = /bin/sh;
			shellScript = "\"${PODS_ROOT}/Target Support Files/Pods-FSCalendarTest/Pods-FSCalendarTest-frameworks.sh\"\n";
			showEnvVarsInLog = 0;
		};
		BD3DCA266F997EE729369DD6 /* [CP] Check Pods Manifest.lock */ = {
			isa = PBXShellScriptBuildPhase;
			buildActionMask = 2147483647;
			files = (
			);
			inputFileListPaths = (
			);
			inputPaths = (
				"${PODS_PODFILE_DIR_PATH}/Podfile.lock",
				"${PODS_ROOT}/Manifest.lock",
			);
			name = "[CP] Check Pods Manifest.lock";
			outputFileListPaths = (
			);
			outputPaths = (
				"$(DERIVED_FILE_DIR)/Pods-FSCalendarTest-checkManifestLockResult.txt",
			);
			runOnlyForDeploymentPostprocessing = 0;
			shellPath = /bin/sh;
			shellScript = "diff \"${PODS_PODFILE_DIR_PATH}/Podfile.lock\" \"${PODS_ROOT}/Manifest.lock\" > /dev/null\nif [ $? != 0 ] ; then\n    # print error to STDERR\n    echo \"error: The sandbox is not in sync with the Podfile.lock. Run 'pod install' or update your CocoaPods installation.\" >&2\n    exit 1\nfi\n# This output is used by Xcode 'outputs' to avoid re-running this script phase.\necho \"SUCCESS\" > \"${SCRIPT_OUTPUT_FILE_0}\"\n";
			showEnvVarsInLog = 0;
		};
/* End PBXShellScriptBuildPhase section */

/* Begin PBXSourcesBuildPhase section */
		AD404CAB26E3052D0060B33E /* Sources */ = {
			isa = PBXSourcesBuildPhase;
			buildActionMask = 2147483647;
			files = (
				AD404CB726E3052D0060B33E /* ViewController.swift in Sources */,
				AD404CB326E3052D0060B33E /* AppDelegate.swift in Sources */,
				AD404CB526E3052D0060B33E /* SceneDelegate.swift in Sources */,
			);
			runOnlyForDeploymentPostprocessing = 0;
		};
/* End PBXSourcesBuildPhase section */

/* Begin PBXVariantGroup section */
		AD404CB826E3052D0060B33E /* Main.storyboard */ = {
			isa = PBXVariantGroup;
			children = (
				AD404CB926E3052D0060B33E /* Base */,
			);
			name = Main.storyboard;
			sourceTree = "<group>";
		};
		AD404CBD26E3052D0060B33E /* LaunchScreen.storyboard */ = {
			isa = PBXVariantGroup;
			children = (
				AD404CBE26E3052D0060B33E /* Base */,
			);
			name = LaunchScreen.storyboard;
			sourceTree = "<group>";
		};
/* End PBXVariantGroup section */

/* Begin XCBuildConfiguration section */
		AD404CC126E3052D0060B33E /* Debug */ = {
			isa = XCBuildConfiguration;
			buildSettings = {
				ALWAYS_SEARCH_USER_PATHS = NO;
				CLANG_ANALYZER_NONNULL = YES;
				CLANG_ANALYZER_NUMBER_OBJECT_CONVERSION = YES_AGGRESSIVE;
				CLANG_CXX_LANGUAGE_STANDARD = "gnu++14";
				CLANG_CXX_LIBRARY = "libc++";
				CLANG_ENABLE_MODULES = YES;
				CLANG_ENABLE_OBJC_ARC = YES;
				CLANG_ENABLE_OBJC_WEAK = YES;
				CLANG_WARN_BLOCK_CAPTURE_AUTORELEASING = YES;
				CLANG_WARN_BOOL_CONVERSION = YES;
				CLANG_WARN_COMMA = YES;
				CLANG_WARN_CONSTANT_CONVERSION = YES;
				CLANG_WARN_DEPRECATED_OBJC_IMPLEMENTATIONS = YES;
				CLANG_WARN_DIRECT_OBJC_ISA_USAGE = YES_ERROR;
				CLANG_WARN_DOCUMENTATION_COMMENTS = YES;
				CLANG_WARN_EMPTY_BODY = YES;
				CLANG_WARN_ENUM_CONVERSION = YES;
				CLANG_WARN_INFINITE_RECURSION = YES;
				CLANG_WARN_INT_CONVERSION = YES;
				CLANG_WARN_NON_LITERAL_NULL_CONVERSION = YES;
				CLANG_WARN_OBJC_IMPLICIT_RETAIN_SELF = YES;
				CLANG_WARN_OBJC_LITERAL_CONVERSION = YES;
				CLANG_WARN_OBJC_ROOT_CLASS = YES_ERROR;
				CLANG_WARN_QUOTED_INCLUDE_IN_FRAMEWORK_HEADER = YES;
				CLANG_WARN_RANGE_LOOP_ANALYSIS = YES;
				CLANG_WARN_STRICT_PROTOTYPES = YES;
				CLANG_WARN_SUSPICIOUS_MOVE = YES;
				CLANG_WARN_UNGUARDED_AVAILABILITY = YES_AGGRESSIVE;
				CLANG_WARN_UNREACHABLE_CODE = YES;
				CLANG_WARN__DUPLICATE_METHOD_MATCH = YES;
				COPY_PHASE_STRIP = NO;
				DEBUG_INFORMATION_FORMAT = dwarf;
				ENABLE_STRICT_OBJC_MSGSEND = YES;
				ENABLE_TESTABILITY = YES;
				GCC_C_LANGUAGE_STANDARD = gnu11;
				GCC_DYNAMIC_NO_PIC = NO;
				GCC_NO_COMMON_BLOCKS = YES;
				GCC_OPTIMIZATION_LEVEL = 0;
				GCC_PREPROCESSOR_DEFINITIONS = (
					"DEBUG=1",
					"$(inherited)",
				);
				GCC_WARN_64_TO_32_BIT_CONVERSION = YES;
				GCC_WARN_ABOUT_RETURN_TYPE = YES_ERROR;
				GCC_WARN_UNDECLARED_SELECTOR = YES;
				GCC_WARN_UNINITIALIZED_AUTOS = YES_AGGRESSIVE;
				GCC_WARN_UNUSED_FUNCTION = YES;
				GCC_WARN_UNUSED_VARIABLE = YES;
				IPHONEOS_DEPLOYMENT_TARGET = 14.5;
				MTL_ENABLE_DEBUG_INFO = INCLUDE_SOURCE;
				MTL_FAST_MATH = YES;
				ONLY_ACTIVE_ARCH = YES;
				SDKROOT = iphoneos;
				SWIFT_ACTIVE_COMPILATION_CONDITIONS = DEBUG;
				SWIFT_OPTIMIZATION_LEVEL = "-Onone";
			};
			name = Debug;
		};
		AD404CC226E3052D0060B33E /* Release */ = {
			isa = XCBuildConfiguration;
			buildSettings = {
				ALWAYS_SEARCH_USER_PATHS = NO;
				CLANG_ANALYZER_NONNULL = YES;
				CLANG_ANALYZER_NUMBER_OBJECT_CONVERSION = YES_AGGRESSIVE;
				CLANG_CXX_LANGUAGE_STANDARD = "gnu++14";
				CLANG_CXX_LIBRARY = "libc++";
				CLANG_ENABLE_MODULES = YES;
				CLANG_ENABLE_OBJC_ARC = YES;
				CLANG_ENABLE_OBJC_WEAK = YES;
				CLANG_WARN_BLOCK_CAPTURE_AUTORELEASING = YES;
				CLANG_WARN_BOOL_CONVERSION = YES;
				CLANG_WARN_COMMA = YES;
				CLANG_WARN_CONSTANT_CONVERSION = YES;
				CLANG_WARN_DEPRECATED_OBJC_IMPLEMENTATIONS = YES;
				CLANG_WARN_DIRECT_OBJC_ISA_USAGE = YES_ERROR;
				CLANG_WARN_DOCUMENTATION_COMMENTS = YES;
				CLANG_WARN_EMPTY_BODY = YES;
				CLANG_WARN_ENUM_CONVERSION = YES;
				CLANG_WARN_INFINITE_RECURSION = YES;
				CLANG_WARN_INT_CONVERSION = YES;
				CLANG_WARN_NON_LITERAL_NULL_CONVERSION = YES;
				CLANG_WARN_OBJC_IMPLICIT_RETAIN_SELF = YES;
				CLANG_WARN_OBJC_LITERAL_CONVERSION = YES;
				CLANG_WARN_OBJC_ROOT_CLASS = YES_ERROR;
				CLANG_WARN_QUOTED_INCLUDE_IN_FRAMEWORK_HEADER = YES;
				CLANG_WARN_RANGE_LOOP_ANALYSIS = YES;
				CLANG_WARN_STRICT_PROTOTYPES = YES;
				CLANG_WARN_SUSPICIOUS_MOVE = YES;
				CLANG_WARN_UNGUARDED_AVAILABILITY = YES_AGGRESSIVE;
				CLANG_WARN_UNREACHABLE_CODE = YES;
				CLANG_WARN__DUPLICATE_METHOD_MATCH = YES;
				COPY_PHASE_STRIP = NO;
				DEBUG_INFORMATION_FORMAT = "dwarf-with-dsym";
				ENABLE_NS_ASSERTIONS = NO;
				ENABLE_STRICT_OBJC_MSGSEND = YES;
				GCC_C_LANGUAGE_STANDARD = gnu11;
				GCC_NO_COMMON_BLOCKS = YES;
				GCC_WARN_64_TO_32_BIT_CONVERSION = YES;
				GCC_WARN_ABOUT_RETURN_TYPE = YES_ERROR;
				GCC_WARN_UNDECLARED_SELECTOR = YES;
				GCC_WARN_UNINITIALIZED_AUTOS = YES_AGGRESSIVE;
				GCC_WARN_UNUSED_FUNCTION = YES;
				GCC_WARN_UNUSED_VARIABLE = YES;
				IPHONEOS_DEPLOYMENT_TARGET = 14.5;
				MTL_ENABLE_DEBUG_INFO = NO;
				MTL_FAST_MATH = YES;
				SDKROOT = iphoneos;
				SWIFT_COMPILATION_MODE = wholemodule;
				SWIFT_OPTIMIZATION_LEVEL = "-O";
				VALIDATE_PRODUCT = YES;
			};
			name = Release;
		};
		AD404CC426E3052D0060B33E /* Debug */ = {
			isa = XCBuildConfiguration;
			baseConfigurationReference = 44B4DD0BE54F97A5A54ADFD7 /* Pods-FSCalendarTest.debug.xcconfig */;
			buildSettings = {
				ASSETCATALOG_COMPILER_APPICON_NAME = AppIcon;
				ASSETCATALOG_COMPILER_GLOBAL_ACCENT_COLOR_NAME = AccentColor;
				CODE_SIGN_STYLE = Automatic;
				DEVELOPMENT_TEAM = R6V3UCSNG3;
				INFOPLIST_FILE = FSCalendarTest/Info.plist;
				LD_RUNPATH_SEARCH_PATHS = (
					"$(inherited)",
					"@executable_path/Frameworks",
				);
				PRODUCT_BUNDLE_IDENTIFIER = com.ycompany.FSCalendarTest;
				PRODUCT_NAME = "$(TARGET_NAME)";
				SWIFT_VERSION = 5.0;
				TARGETED_DEVICE_FAMILY = "1,2";
			};
			name = Debug;
		};
		AD404CC526E3052D0060B33E /* Release */ = {
			isa = XCBuildConfiguration;
			baseConfigurationReference = 4117AC0FD5CDFBC05FFEA9DC /* Pods-FSCalendarTest.release.xcconfig */;
			buildSettings = {
				ASSETCATALOG_COMPILER_APPICON_NAME = AppIcon;
				ASSETCATALOG_COMPILER_GLOBAL_ACCENT_COLOR_NAME = AccentColor;
				CODE_SIGN_STYLE = Automatic;
				DEVELOPMENT_TEAM = R6V3UCSNG3;
				INFOPLIST_FILE = FSCalendarTest/Info.plist;
				LD_RUNPATH_SEARCH_PATHS = (
					"$(inherited)",
					"@executable_path/Frameworks",
				);
				PRODUCT_BUNDLE_IDENTIFIER = com.ycompany.FSCalendarTest;
				PRODUCT_NAME = "$(TARGET_NAME)";
				SWIFT_VERSION = 5.0;
				TARGETED_DEVICE_FAMILY = "1,2";
			};
			name = Release;
		};
/* End XCBuildConfiguration section */

/* Begin XCConfigurationList section */
		AD404CAA26E3052D0060B33E /* Build configuration list for PBXProject "FSCalendarTest" */ = {
			isa = XCConfigurationList;
			buildConfigurations = (
				AD404CC126E3052D0060B33E /* Debug */,
				AD404CC226E3052D0060B33E /* Release */,
			);
			defaultConfigurationIsVisible = 0;
			defaultConfigurationName = Release;
		};
		AD404CC326E3052D0060B33E /* Build configuration list for PBXNativeTarget "FSCalendarTest" */ = {
			isa = XCConfigurationList;
			buildConfigurations = (
				AD404CC426E3052D0060B33E /* Debug */,
				AD404CC526E3052D0060B33E /* Release */,
			);
			defaultConfigurationIsVisible = 0;
			defaultConfigurationName = Release;
		};
/* End XCConfigurationList section */
	};
	rootObject = AD404CA726E3052D0060B33E /* Project object */;
}
